
Microsoft Visual Studio Solution File, Format Version 11.00
# Visual Studio 2010
Project("{FAE04EC0-301F-11D3-BF4B-00C04F79EFBC}") = "Presecisce", "Presecisce\Presecisce.csproj", "{59C9AF9F-743F-4DED-BE6D-B26C48058E74}"
EndProject
Global
	GlobalSection(SolutionConfigurationPlatforms) = preSolution
		Debug|x86 = Debug|x86
		Release|x86 = Release|x86
	EndGlobalSection
	GlobalSection(ProjectConfigurationPlatforms) = postSolution
		{59C9AF9F-743F-4DED-BE6D-B26C48058E74}.Debug|x86.ActiveCfg = Debug|x86
		{59C9AF9F-743F-4DED-BE6D-B26C48058E74}.Debug|x86.Build.0 = Debug|x86
		{59C9AF9F-743F-4DED-BE6D-B26C48058E74}.Release|x86.ActiveCfg = Release|x86
		{59C9AF9F-743F-4DED-BE6D-B26C48058E74}.Release|x86.Build.0 = Release|x86
	EndGlobalSection
	GlobalSection(SolutionProperties) = preSolution
		HideSolutionNode = FALSE
	EndGlobalSection
EndGlobal
